# This file was autogenerated by Stack.
# You should not edit this file by hand.
# For more information, please see the documentation at:
#   https://docs.haskellstack.org/en/stable/lock_files

packages:
- completed:
    size: 305765
    subdir: hadui
    url: https://github.com/complyue/hadui/archive/582a00b0365498c9b4133158a273e8c4a34790fa.tar.gz
    cabal-file:
      size: 3643
      sha256: cd0bb2f6b462035969493d72a2fb045ef6dcff935fdc36642546e8a71a35a866
    name: hadui
    version: 0.1.0.0
    sha256: 7d1c7bfc209a06564c7a85eced172adf92e1df01267348c6c744ac49d87fac1d
    pantry-tree:
      size: 4121
      sha256: 92eafe222c2c5dc71da7768ae1c4f590220ad90cfbc7bcc1857adaf1e05a1634
  original:
    subdir: hadui
    url: https://github.com/complyue/hadui/archive/582a00b0365498c9b4133158a273e8c4a34790fa.tar.gz
- completed:
    hackage: network-3.1.1.0@sha256:c60e754c878bf769476c8f717ca36dfa54a5151d8aa058778decf92680ed3841,4268
    pantry-tree:
      size: 3297
      sha256: aff9e181eb0db8aba669789f384f036d9cc436d47447fe6a45738ee019011683
  original:
    hackage: network-3.1.1.0
snapshots:
- completed:
    size: 524789
    url: https://raw.githubusercontent.com/commercialhaskell/stackage-snapshots/master/lts/14/9.yaml
    sha256: 8af5eb80734f02621d37e82cc0cde614af2ddc9c320610acb0b1b6d9ac162930
  original: lts-14.9
